
Microsoft Visual Studio Solution File, Format Version 12.00
# Visual Studio Version 17
VisualStudioVersion = 17.11.35303.130
MinimumVisualStudioVersion = 10.0.40219.1
Project("{FAE04EC0-301F-11D3-BF4B-00C04F79EFBC}") = "MazeGeneration", "MazeGeneration2\MazeGeneration.csproj", "{2281A8C5-2029-4E74-A95A-75F5CCABAD37}"
EndProject
Global
	GlobalSection(SolutionConfigurationPlatforms) = preSolution
		Debug|Any CPU = Debug|Any CPU
		Release|Any CPU = Release|Any CPU
	EndGlobalSection
	GlobalSection(ProjectConfigurationPlatforms) = postSolution
		{2281A8C5-2029-4E74-A95A-75F5CCABAD37}.Debug|Any CPU.ActiveCfg = Debug|Any CPU
		{2281A8C5-2029-4E74-A95A-75F5CCABAD37}.Debug|Any CPU.Build.0 = Debug|Any CPU
		{2281A8C5-2029-4E74-A95A-75F5CCABAD37}.Release|Any CPU.ActiveCfg = Release|Any CPU
		{2281A8C5-2029-4E74-A95A-75F5CCABAD37}.Release|Any CPU.Build.0 = Release|Any CPU
	EndGlobalSection
	GlobalSection(SolutionProperties) = preSolution
		HideSolutionNode = FALSE
	EndGlobalSection
	GlobalSection(ExtensibilityGlobals) = postSolution
		SolutionGuid = {6E22A5C3-FA7A-4DF8-B861-52A329742F15}
	EndGlobalSection
EndGlobal
